
Microsoft Visual Studio Solution File, Format Version 12.00
# Visual Studio Version 16
VisualStudioVersion = 16.0.30804.86
MinimumVisualStudioVersion = 10.0.40219.1
Project("{FAE04EC0-301F-11D3-BF4B-00C04F79EFBC}") = "OOPCSharp", "OOPCSharp\OOPCSharp.csproj", "{27A8EADC-AC57-4B39-A215-52457CEFFA28}"
EndProject
Global
	GlobalSection(SolutionConfigurationPlatforms) = preSolution
		Debug|Any CPU = Debug|Any CPU
		Release|Any CPU = Release|Any CPU
	EndGlobalSection
	GlobalSection(ProjectConfigurationPlatforms) = postSolution
		{27A8EADC-AC57-4B39-A215-52457CEFFA28}.Debug|Any CPU.ActiveCfg = Debug|Any CPU
		{27A8EADC-AC57-4B39-A215-52457CEFFA28}.Debug|Any CPU.Build.0 = Debug|Any CPU
		{27A8EADC-AC57-4B39-A215-52457CEFFA28}.Release|Any CPU.ActiveCfg = Release|Any CPU
		{27A8EADC-AC57-4B39-A215-52457CEFFA28}.Release|Any CPU.Build.0 = Release|Any CPU
	EndGlobalSection
	GlobalSection(SolutionProperties) = preSolution
		HideSolutionNode = FALSE
	EndGlobalSection
	GlobalSection(ExtensibilityGlobals) = postSolution
		SolutionGuid = {FBCC0F8E-FA0F-466D-99D4-2BD9FA40AAAF}
	EndGlobalSection
EndGlobal
